PODS:
  - Flutter (1.0.0)
  - template_flutter_name_change (0.0.1):
    - Flutter

DEPENDENCIES:
  - Flutter (from `Flutter`)
  - template_flutter_name_change (from `.symlinks/plugins/template_flutter_name_change/ios`)

EXTERNAL SOURCES:
  Flutter:
    :path: Flutter
  template_flutter_name_change:
    :path: ".symlinks/plugins/template_flutter_name_change/ios"

SPEC CHECKSUMS:
  Flutter: 50d75fe2f02b26cc09d224853bb45737f8b3214a
  template_flutter_name_change: 771e244a6a8f764e7e867aecff8c659bb5979872

PODFILE CHECKSUM: a75497545d4391e2d394c3668e20cfb1c2bbd4aa

COCOAPODS: 1.11.2
